# This file is automatically @generated by Cargo.
# It is not intended for manual editing.
[[package]]
name = "capstone"
version = "0.10.0"
source = "registry+https://github.com/rust-lang/crates.io-index"
checksum = "66b5d1f14c3539b6ff22fcb602fea5f1c4416148c8b7965a2e74860aa169b7b5"
dependencies = [
 "capstone-sys",
 "libc",
]

[[package]]
name = "capstone-sys"
version = "0.14.0"
source = "registry+https://github.com/rust-lang/crates.io-index"
checksum = "df653a22d0ad34b0d91cc92a6289d96e44aac1c9a96250a094c9aeec4a91084f"
dependencies = [
 "cc",
 "libc",
]

[[package]]
name = "cc"
version = "1.0.71"
source = "registry+https://github.com/rust-lang/crates.io-index"
checksum = "79c2681d6594606957bbb8631c4b90a7fcaaa72cdb714743a437b156d6a7eedd"

[[package]]
name = "libc"
version = "0.2.104"
source = "registry+https://github.com/rust-lang/crates.io-index"
checksum = "7b2f96d100e1cf1929e7719b7edb3b90ab5298072638fccd77be9ce942ecdfce"

[[package]]
name = "scemu"
version = "0.1.0"
dependencies = [
 "capstone",
]
